
Microsoft Visual Studio Solution File, Format Version 12.00
# Visual Studio Version 17
VisualStudioVersion = 17.11.35222.181
MinimumVisualStudioVersion = 10.0.40219.1
Project("{FAE04EC0-301F-11D3-BF4B-00C04F79EFBC}") = "Project_partB_Drozhyk_report", "Project_partB_Drozhyk_report\Project_partB_Drozhyk_report.csproj", "{BB4EDE1D-2119-4EB5-8A0F-59144BF79C90}"
EndProject
Project("{FAE04EC0-301F-11D3-BF4B-00C04F79EFBC}") = "TestProject1", "TestProject1\TestProject1.csproj", "{F869F30B-9DFE-4A82-9826-E18B1477FDD4}"
EndProject
Global
	GlobalSection(SolutionConfigurationPlatforms) = preSolution
		Debug|Any CPU = Debug|Any CPU
		Release|Any CPU = Release|Any CPU
	EndGlobalSection
	GlobalSection(ProjectConfigurationPlatforms) = postSolution
		{BB4EDE1D-2119-4EB5-8A0F-59144BF79C90}.Debug|Any CPU.ActiveCfg = Debug|Any CPU
		{BB4EDE1D-2119-4EB5-8A0F-59144BF79C90}.Debug|Any CPU.Build.0 = Debug|Any CPU
		{BB4EDE1D-2119-4EB5-8A0F-59144BF79C90}.Release|Any CPU.ActiveCfg = Release|Any CPU
		{BB4EDE1D-2119-4EB5-8A0F-59144BF79C90}.Release|Any CPU.Build.0 = Release|Any CPU
		{F869F30B-9DFE-4A82-9826-E18B1477FDD4}.Debug|Any CPU.ActiveCfg = Debug|Any CPU
		{F869F30B-9DFE-4A82-9826-E18B1477FDD4}.Debug|Any CPU.Build.0 = Debug|Any CPU
		{F869F30B-9DFE-4A82-9826-E18B1477FDD4}.Release|Any CPU.ActiveCfg = Release|Any CPU
		{F869F30B-9DFE-4A82-9826-E18B1477FDD4}.Release|Any CPU.Build.0 = Release|Any CPU
	EndGlobalSection
	GlobalSection(SolutionProperties) = preSolution
		HideSolutionNode = FALSE
	EndGlobalSection
	GlobalSection(ExtensibilityGlobals) = postSolution
		SolutionGuid = {C2D9EA98-D6F9-45C3-B47B-B52784735DFE}
	EndGlobalSection
EndGlobal
